
Microsoft Visual Studio Solution File, Format Version 12.00
# Visual Studio Version 16
VisualStudioVersion = 16.0.29324.140
MinimumVisualStudioVersion = 10.0.40219.1
Project("{9A19103F-16F7-4668-BE54-9A1E7A4F7556}") = "CSM.Xam", "CSM.Xam\CSM.Xam\CSM.Xam.csproj", "{4AE90F37-B0B6-49DF-BB9C-8C4850619497}"
EndProject
Project("{FAE04EC0-301F-11D3-BF4B-00C04F79EFBC}") = "CSM.Xam.Android", "CSM.Xam\CSM.Xam.Android\CSM.Xam.Android.csproj", "{9CDDEE9F-E0D0-4929-A7F4-3B3D0A07028F}"
EndProject
Project("{FAE04EC0-301F-11D3-BF4B-00C04F79EFBC}") = "CSM.Xam.iOS", "CSM.Xam\CSM.Xam.iOS\CSM.Xam.iOS.csproj", "{D8AC0A03-B10C-444B-82A1-3D5F028FC561}"
EndProject
Project("{9A19103F-16F7-4668-BE54-9A1E7A4F7556}") = "CSM.EFCore", "CSM.EFCore\CSM.EFCore.csproj", "{E2965126-71F7-4A66-9BE1-8F35BFD64814}"
EndProject
Project("{FAE04EC0-301F-11D3-BF4B-00C04F79EFBC}") = "CSM.ConsoleTest", "CSM.ConsoleTest\CSM.ConsoleTest.csproj", "{67034921-661E-4489-9C31-E784BC9FE72C}"
EndProject
Global
	GlobalSection(SolutionConfigurationPlatforms) = preSolution
		Ad-Hoc|Any CPU = Ad-Hoc|Any CPU
		Ad-Hoc|iPhone = Ad-Hoc|iPhone
		Ad-Hoc|iPhoneSimulator = Ad-Hoc|iPhoneSimulator
		AppStore|Any CPU = AppStore|Any CPU
		AppStore|iPhone = AppStore|iPhone
		AppStore|iPhoneSimulator = AppStore|iPhoneSimulator
		Debug|Any CPU = Debug|Any CPU
		Debug|iPhone = Debug|iPhone
		Debug|iPhoneSimulator = Debug|iPhoneSimulator
		Release|Any CPU = Release|Any CPU
		Release|iPhone = Release|iPhone
		Release|iPhoneSimulator = Release|iPhoneSimulator
	EndGlobalSection
	GlobalSection(ProjectConfigurationPlatforms) = postSolution
		{4AE90F37-B0B6-49DF-BB9C-8C4850619497}.Ad-Hoc|Any CPU.ActiveCfg = Debug|Any CPU
		{4AE90F37-B0B6-49DF-BB9C-8C4850619497}.Ad-Hoc|Any CPU.Build.0 = Debug|Any CPU
		{4AE90F37-B0B6-49DF-BB9C-8C4850619497}.Ad-Hoc|iPhone.ActiveCfg = Debug|Any CPU
		{4AE90F37-B0B6-49DF-BB9C-8C4850619497}.Ad-Hoc|iPhone.Build.0 = Debug|Any CPU
		{4AE90F37-B0B6-49DF-BB9C-8C4850619497}.Ad-Hoc|iPhoneSimulator.ActiveCfg = Debug|Any CPU
		{4AE90F37-B0B6-49DF-BB9C-8C4850619497}.Ad-Hoc|iPhoneSimulator.Build.0 = Debug|Any CPU
		{4AE90F37-B0B6-49DF-BB9C-8C4850619497}.AppStore|Any CPU.ActiveCfg = Debug|Any CPU
		{4AE90F37-B0B6-49DF-BB9C-8C4850619497}.AppStore|Any CPU.Build.0 = Debug|Any CPU
		{4AE90F37-B0B6-49DF-BB9C-8C4850619497}.AppStore|iPhone.ActiveCfg = Debug|Any CPU
		{4AE90F37-B0B6-49DF-BB9C-8C4850619497}.AppStore|iPhone.Build.0 = Debug|Any CPU
		{4AE90F37-B0B6-49DF-BB9C-8C4850619497}.AppStore|iPhoneSimulator.ActiveCfg = Debug|Any CPU
		{4AE90F37-B0B6-49DF-BB9C-8C4850619497}.AppStore|iPhoneSimulator.Build.0 = Debug|Any CPU
		{4AE90F37-B0B6-49DF-BB9C-8C4850619497}.Debug|Any CPU.ActiveCfg = Debug|Any CPU
		{4AE90F37-B0B6-49DF-BB9C-8C4850619497}.Debug|Any CPU.Build.0 = Debug|Any CPU
		{4AE90F37-B0B6-49DF-BB9C-8C4850619497}.Debug|iPhone.ActiveCfg = Debug|Any CPU
		{4AE90F37-B0B6-49DF-BB9C-8C4850619497}.Debug|iPhone.Build.0 = Debug|Any CPU
		{4AE90F37-B0B6-49DF-BB9C-8C4850619497}.Debug|iPhoneSimulator.ActiveCfg = Debug|Any CPU
		{4AE90F37-B0B6-49DF-BB9C-8C4850619497}.Debug|iPhoneSimulator.Build.0 = Debug|Any CPU
		{4AE90F37-B0B6-49DF-BB9C-8C4850619497}.Release|Any CPU.ActiveCfg = Release|Any CPU
		{4AE90F37-B0B6-49DF-BB9C-8C4850619497}.Release|Any CPU.Build.0 = Release|Any CPU
		{4AE90F37-B0B6-49DF-BB9C-8C4850619497}.Release|iPhone.ActiveCfg = Release|Any CPU
		{4AE90F37-B0B6-49DF-BB9C-8C4850619497}.Release|iPhone.Build.0 = Release|Any CPU
		{4AE90F37-B0B6-49DF-BB9C-8C4850619497}.Release|iPhoneSimulator.ActiveCfg = Release|Any CPU
		{4AE90F37-B0B6-49DF-BB9C-8C4850619497}.Release|iPhoneSimulator.Build.0 = Release|Any CPU
		{9CDDEE9F-E0D0-4929-A7F4-3B3D0A07028F}.Ad-Hoc|Any CPU.ActiveCfg = Release|Any CPU
		{9CDDEE9F-E0D0-4929-A7F4-3B3D0A07028F}.Ad-Hoc|Any CPU.Build.0 = Release|Any CPU
		{9CDDEE9F-E0D0-4929-A7F4-3B3D0A07028F}.Ad-Hoc|Any CPU.Deploy.0 = Release|Any CPU
		{9CDDEE9F-E0D0-4929-A7F4-3B3D0A07028F}.Ad-Hoc|iPhone.ActiveCfg = Release|Any CPU
		{9CDDEE9F-E0D0-4929-A7F4-3B3D0A07028F}.Ad-Hoc|iPhone.Build.0 = Release|Any CPU
		{9CDDEE9F-E0D0-4929-A7F4-3B3D0A07028F}.Ad-Hoc|iPhone.Deploy.0 = Release|Any CPU
		{9CDDEE9F-E0D0-4929-A7F4-3B3D0A07028F}.Ad-Hoc|iPhoneSimulator.ActiveCfg = Release|Any CPU
		{9CDDEE9F-E0D0-4929-A7F4-3B3D0A07028F}.Ad-Hoc|iPhoneSimulator.Build.0 = Release|Any CPU
		{9CDDEE9F-E0D0-4929-A7F4-3B3D0A07028F}.Ad-Hoc|iPhoneSimulator.Deploy.0 = Release|Any CPU
		{9CDDEE9F-E0D0-4929-A7F4-3B3D0A07028F}.AppStore|Any CPU.ActiveCfg = Release|Any CPU
		{9CDDEE9F-E0D0-4929-A7F4-3B3D0A07028F}.AppStore|Any CPU.Build.0 = Release|Any CPU
		{9CDDEE9F-E0D0-4929-A7F4-3B3D0A07028F}.AppStore|Any CPU.Deploy.0 = Release|Any CPU
		{9CDDEE9F-E0D0-4929-A7F4-3B3D0A07028F}.AppStore|iPhone.ActiveCfg = Release|Any CPU
		{9CDDEE9F-E0D0-4929-A7F4-3B3D0A07028F}.AppStore|iPhone.Build.0 = Release|Any CPU
		{9CDDEE9F-E0D0-4929-A7F4-3B3D0A07028F}.AppStore|iPhone.Deploy.0 = Release|Any CPU
		{9CDDEE9F-E0D0-4929-A7F4-3B3D0A07028F}.AppStore|iPhoneSimulator.ActiveCfg = Release|Any CPU
		{9CDDEE9F-E0D0-4929-A7F4-3B3D0A07028F}.AppStore|iPhoneSimulator.Build.0 = Release|Any CPU
		{9CDDEE9F-E0D0-4929-A7F4-3B3D0A07028F}.AppStore|iPhoneSimulator.Deploy.0 = Release|Any CPU
		{9CDDEE9F-E0D0-4929-A7F4-3B3D0A07028F}.Debug|Any CPU.ActiveCfg = Debug|Any CPU
		{9CDDEE9F-E0D0-4929-A7F4-3B3D0A07028F}.Debug|Any CPU.Build.0 = Debug|Any CPU
		{9CDDEE9F-E0D0-4929-A7F4-3B3D0A07028F}.Debug|Any CPU.Deploy.0 = Debug|Any CPU
		{9CDDEE9F-E0D0-4929-A7F4-3B3D0A07028F}.Debug|iPhone.ActiveCfg = Debug|Any CPU
		{9CDDEE9F-E0D0-4929-A7F4-3B3D0A07028F}.Debug|iPhone.Build.0 = Debug|Any CPU
		{9CDDEE9F-E0D0-4929-A7F4-3B3D0A07028F}.Debug|iPhone.Deploy.0 = Debug|Any CPU
		{9CDDEE9F-E0D0-4929-A7F4-3B3D0A07028F}.Debug|iPhoneSimulator.ActiveCfg = Debug|Any CPU
		{9CDDEE9F-E0D0-4929-A7F4-3B3D0A07028F}.Debug|iPhoneSimulator.Build.0 = Debug|Any CPU
		{9CDDEE9F-E0D0-4929-A7F4-3B3D0A07028F}.Debug|iPhoneSimulator.Deploy.0 = Debug|Any CPU
		{9CDDEE9F-E0D0-4929-A7F4-3B3D0A07028F}.Release|Any CPU.ActiveCfg = Release|Any CPU
		{9CDDEE9F-E0D0-4929-A7F4-3B3D0A07028F}.Release|Any CPU.Build.0 = Release|Any CPU
		{9CDDEE9F-E0D0-4929-A7F4-3B3D0A07028F}.Release|Any CPU.Deploy.0 = Release|Any CPU
		{9CDDEE9F-E0D0-4929-A7F4-3B3D0A07028F}.Release|iPhone.ActiveCfg = Release|Any CPU
		{9CDDEE9F-E0D0-4929-A7F4-3B3D0A07028F}.Release|iPhone.Build.0 = Release|Any CPU
		{9CDDEE9F-E0D0-4929-A7F4-3B3D0A07028F}.Release|iPhone.Deploy.0 = Release|Any CPU
		{9CDDEE9F-E0D0-4929-A7F4-3B3D0A07028F}.Release|iPhoneSimulator.ActiveCfg = Release|Any CPU
		{9CDDEE9F-E0D0-4929-A7F4-3B3D0A07028F}.Release|iPhoneSimulator.Build.0 = Release|Any CPU
		{9CDDEE9F-E0D0-4929-A7F4-3B3D0A07028F}.Release|iPhoneSimulator.Deploy.0 = Release|Any CPU
		{D8AC0A03-B10C-444B-82A1-3D5F028FC561}.Ad-Hoc|Any CPU.ActiveCfg = Ad-Hoc|iPhone
		{D8AC0A03-B10C-444B-82A1-3D5F028FC561}.Ad-Hoc|iPhone.ActiveCfg = Ad-Hoc|iPhone
		{D8AC0A03-B10C-444B-82A1-3D5F028FC561}.Ad-Hoc|iPhone.Build.0 = Ad-Hoc|iPhone
		{D8AC0A03-B10C-444B-82A1-3D5F028FC561}.Ad-Hoc|iPhoneSimulator.ActiveCfg = Ad-Hoc|iPhoneSimulator
		{D8AC0A03-B10C-444B-82A1-3D5F028FC561}.Ad-Hoc|iPhoneSimulator.Build.0 = Ad-Hoc|iPhoneSimulator
		{D8AC0A03-B10C-444B-82A1-3D5F028FC561}.AppStore|Any CPU.ActiveCfg = AppStore|iPhone
		{D8AC0A03-B10C-444B-82A1-3D5F028FC561}.AppStore|iPhone.ActiveCfg = AppStore|iPhone
		{D8AC0A03-B10C-444B-82A1-3D5F028FC561}.AppStore|iPhone.Build.0 = AppStore|iPhone
		{D8AC0A03-B10C-444B-82A1-3D5F028FC561}.AppStore|iPhoneSimulator.ActiveCfg = AppStore|iPhoneSimulator
		{D8AC0A03-B10C-444B-82A1-3D5F028FC561}.AppStore|iPhoneSimulator.Build.0 = AppStore|iPhoneSimulator
		{D8AC0A03-B10C-444B-82A1-3D5F028FC561}.Debug|Any CPU.ActiveCfg = Debug|iPhone
		{D8AC0A03-B10C-444B-82A1-3D5F028FC561}.Debug|iPhone.ActiveCfg = Debug|iPhone
		{D8AC0A03-B10C-444B-82A1-3D5F028FC561}.Debug|iPhone.Build.0 = Debug|iPhone
		{D8AC0A03-B10C-444B-82A1-3D5F028FC561}.Debug|iPhoneSimulator.ActiveCfg = Debug|iPhoneSimulator
		{D8AC0A03-B10C-444B-82A1-3D5F028FC561}.Debug|iPhoneSimulator.Build.0 = Debug|iPhoneSimulator
		{D8AC0A03-B10C-444B-82A1-3D5F028FC561}.Release|Any CPU.ActiveCfg = Release|iPhone
		{D8AC0A03-B10C-444B-82A1-3D5F028FC561}.Release|iPhone.ActiveCfg = Release|iPhone
		{D8AC0A03-B10C-444B-82A1-3D5F028FC561}.Release|iPhone.Build.0 = Release|iPhone
		{D8AC0A03-B10C-444B-82A1-3D5F028FC561}.Release|iPhoneSimulator.ActiveCfg = Release|iPhoneSimulator
		{D8AC0A03-B10C-444B-82A1-3D5F028FC561}.Release|iPhoneSimulator.Build.0 = Release|iPhoneSimulator
		{E2965126-71F7-4A66-9BE1-8F35BFD64814}.Ad-Hoc|Any CPU.ActiveCfg = Debug|Any CPU
		{E2965126-71F7-4A66-9BE1-8F35BFD64814}.Ad-Hoc|Any CPU.Build.0 = Debug|Any CPU
		{E2965126-71F7-4A66-9BE1-8F35BFD64814}.Ad-Hoc|iPhone.ActiveCfg = Debug|Any CPU
		{E2965126-71F7-4A66-9BE1-8F35BFD64814}.Ad-Hoc|iPhone.Build.0 = Debug|Any CPU
		{E2965126-71F7-4A66-9BE1-8F35BFD64814}.Ad-Hoc|iPhoneSimulator.ActiveCfg = Debug|Any CPU
		{E2965126-71F7-4A66-9BE1-8F35BFD64814}.Ad-Hoc|iPhoneSimulator.Build.0 = Debug|Any CPU
		{E2965126-71F7-4A66-9BE1-8F35BFD64814}.AppStore|Any CPU.ActiveCfg = Debug|Any CPU
		{E2965126-71F7-4A66-9BE1-8F35BFD64814}.AppStore|Any CPU.Build.0 = Debug|Any CPU
		{E2965126-71F7-4A66-9BE1-8F35BFD64814}.AppStore|iPhone.ActiveCfg = Debug|Any CPU
		{E2965126-71F7-4A66-9BE1-8F35BFD64814}.AppStore|iPhone.Build.0 = Debug|Any CPU
		{E2965126-71F7-4A66-9BE1-8F35BFD64814}.AppStore|iPhoneSimulator.ActiveCfg = Debug|Any CPU
		{E2965126-71F7-4A66-9BE1-8F35BFD64814}.AppStore|iPhoneSimulator.Build.0 = Debug|Any CPU
		{E2965126-71F7-4A66-9BE1-8F35BFD64814}.Debug|Any CPU.ActiveCfg = Debug|Any CPU
		{E2965126-71F7-4A66-9BE1-8F35BFD64814}.Debug|Any CPU.Build.0 = Debug|Any CPU
		{E2965126-71F7-4A66-9BE1-8F35BFD64814}.Debug|iPhone.ActiveCfg = Debug|Any CPU
		{E2965126-71F7-4A66-9BE1-8F35BFD64814}.Debug|iPhone.Build.0 = Debug|Any CPU
		{E2965126-71F7-4A66-9BE1-8F35BFD64814}.Debug|iPhoneSimulator.ActiveCfg = Debug|Any CPU
		{E2965126-71F7-4A66-9BE1-8F35BFD64814}.Debug|iPhoneSimulator.Build.0 = Debug|Any CPU
		{E2965126-71F7-4A66-9BE1-8F35BFD64814}.Release|Any CPU.ActiveCfg = Release|Any CPU
		{E2965126-71F7-4A66-9BE1-8F35BFD64814}.Release|Any CPU.Build.0 = Release|Any CPU
		{E2965126-71F7-4A66-9BE1-8F35BFD64814}.Release|iPhone.ActiveCfg = Release|Any CPU
		{E2965126-71F7-4A66-9BE1-8F35BFD64814}.Release|iPhone.Build.0 = Release|Any CPU
		{E2965126-71F7-4A66-9BE1-8F35BFD64814}.Release|iPhoneSimulator.ActiveCfg = Release|Any CPU
		{E2965126-71F7-4A66-9BE1-8F35BFD64814}.Release|iPhoneSimulator.Build.0 = Release|Any CPU
		{67034921-661E-4489-9C31-E784BC9FE72C}.Ad-Hoc|Any CPU.ActiveCfg = Debug|Any CPU
		{67034921-661E-4489-9C31-E784BC9FE72C}.Ad-Hoc|Any CPU.Build.0 = Debug|Any CPU
		{67034921-661E-4489-9C31-E784BC9FE72C}.Ad-Hoc|iPhone.ActiveCfg = Debug|Any CPU
		{67034921-661E-4489-9C31-E784BC9FE72C}.Ad-Hoc|iPhone.Build.0 = Debug|Any CPU
		{67034921-661E-4489-9C31-E784BC9FE72C}.Ad-Hoc|iPhoneSimulator.ActiveCfg = Debug|Any CPU
		{67034921-661E-4489-9C31-E784BC9FE72C}.Ad-Hoc|iPhoneSimulator.Build.0 = Debug|Any CPU
		{67034921-661E-4489-9C31-E784BC9FE72C}.AppStore|Any CPU.ActiveCfg = Debug|Any CPU
		{67034921-661E-4489-9C31-E784BC9FE72C}.AppStore|Any CPU.Build.0 = Debug|Any CPU
		{67034921-661E-4489-9C31-E784BC9FE72C}.AppStore|iPhone.ActiveCfg = Debug|Any CPU
		{67034921-661E-4489-9C31-E784BC9FE72C}.AppStore|iPhone.Build.0 = Debug|Any CPU
		{67034921-661E-4489-9C31-E784BC9FE72C}.AppStore|iPhoneSimulator.ActiveCfg = Debug|Any CPU
		{67034921-661E-4489-9C31-E784BC9FE72C}.AppStore|iPhoneSimulator.Build.0 = Debug|Any CPU
		{67034921-661E-4489-9C31-E784BC9FE72C}.Debug|Any CPU.ActiveCfg = Debug|Any CPU
		{67034921-661E-4489-9C31-E784BC9FE72C}.Debug|Any CPU.Build.0 = Debug|Any CPU
		{67034921-661E-4489-9C31-E784BC9FE72C}.Debug|iPhone.ActiveCfg = Debug|Any CPU
		{67034921-661E-4489-9C31-E784BC9FE72C}.Debug|iPhone.Build.0 = Debug|Any CPU
		{67034921-661E-4489-9C31-E784BC9FE72C}.Debug|iPhoneSimulator.ActiveCfg = Debug|Any CPU
		{67034921-661E-4489-9C31-E784BC9FE72C}.Debug|iPhoneSimulator.Build.0 = Debug|Any CPU
		{67034921-661E-4489-9C31-E784BC9FE72C}.Release|Any CPU.ActiveCfg = Release|Any CPU
		{67034921-661E-4489-9C31-E784BC9FE72C}.Release|Any CPU.Build.0 = Release|Any CPU
		{67034921-661E-4489-9C31-E784BC9FE72C}.Release|iPhone.ActiveCfg = Release|Any CPU
		{67034921-661E-4489-9C31-E784BC9FE72C}.Release|iPhone.Build.0 = Release|Any CPU
		{67034921-661E-4489-9C31-E784BC9FE72C}.Release|iPhoneSimulator.ActiveCfg = Release|Any CPU
		{67034921-661E-4489-9C31-E784BC9FE72C}.Release|iPhoneSimulator.Build.0 = Release|Any CPU
	EndGlobalSection
	GlobalSection(SolutionProperties) = preSolution
		HideSolutionNode = FALSE
	EndGlobalSection
	GlobalSection(ExtensibilityGlobals) = postSolution
		SolutionGuid = {37AD6690-2337-4A00-A751-C2D0E8E17C33}
	EndGlobalSection
EndGlobal
